# This file is autogenerated, do not edit; changes may be undone by the next 'dep ensure'.


[[projects]]
  name = "github.com/Azure/go-ansiterm"
  packages = [
    ".",
    "winterm"
  ]
  revision = "388960b655244e76e24c75f48631564eaefade62"

[[projects]]
  name = "github.com/Microsoft/go-winio"
  packages = ["."]
  revision = "7da180ee92d8bd8bb8c37fc560e673e6557c392f"
  version = "v0.4.7"

[[projects]]
  branch = "master"
  name = "github.com/Nvveen/Gotty"
  packages = ["."]
  revision = "cd527374f1e5bff4938207604a14f2e38a9cf512"

[[projects]]
  name = "github.com/Sirupsen/logrus"
  packages = ["."]
  revision = "d26492970760ca5d33129d2d799e34be5c4782eb"
  version = "v0.11.0"

[[projects]]
  name = "github.com/coreos/go-systemd"
  packages = ["activation"]
  revision = "c966a8af8422394b2e370d90e2101adba21c14be"

[[projects]]
  name = "github.com/docker/docker"
  packages = [
    "api/types",
    "api/types/backend",
    "api/types/blkiodev",
    "api/types/container",
    "api/types/filters",
    "api/types/mount",
    "api/types/network",
    "api/types/plugins/logdriver",
    "api/types/registry",
    "api/types/strslice",
    "api/types/swarm",
    "api/types/versions",
    "daemon/logger",
    "pkg/jsonlog",
    "pkg/jsonmessage",
    "pkg/plugingetter",
    "pkg/plugins",
    "pkg/plugins/transport",
    "pkg/progress",
    "pkg/random",
    "pkg/streamformatter",
    "pkg/stringid",
    "pkg/term",
    "pkg/term/windows"
  ]
  revision = "90d35abf7b3535c1c319c872900fbd76374e521c"
  version = "v17.05.0-ce-rc3"

[[projects]]
  name = "github.com/docker/go-connections"
  packages = [
    "nat",
    "sockets",
    "tlsconfig"
  ]
  revision = "e15c02316c12de00874640cd76311849de2aeed5"

[[projects]]
  name = "github.com/docker/go-plugins-helpers"
  packages = ["sdk"]
  revision = "bd8c600f0cdd76c7a57ff6aa86bd2b423868c688"

[[projects]]
  name = "github.com/docker/go-units"
  packages = ["."]
  revision = "9e638d38cf6977a37a8ea0078f3ee75a7cdb2dd1"

[[projects]]
  name = "github.com/gogo/protobuf"
  packages = [
    "io",
    "proto"
  ]
  revision = "35b81a066e522fb86ece043a8ef1dbfa10b4fed1"

[[projects]]
  name = "github.com/mailru/easyjson"
  packages = [
    ".",
    "buffer",
    "jlexer",
    "jwriter"
  ]
  revision = "2a92e673c9a6302dd05c3a691ae1f24aef46457d"

[[projects]]
  name = "github.com/olivere/elastic"
  packages = [
    ".",
    "config",
    "uritemplates"
  ]
  revision = "c51e74f9bcab8906a2f6cf5660dac396ba51b3d6"
  version = "v6.1.4"

[[projects]]
  name = "github.com/pkg/errors"
  packages = ["."]
  revision = "e881fd58d78e04cf6d0de1217f8707c8cc2249bc"

[[projects]]
  name = "github.com/robfig/cron"
  packages = ["."]
  revision = "b024fc5ea0e34bc3f83d9941c8d60b0622bfaca4"
  version = "v1"

[[projects]]
  name = "github.com/tonistiigi/fifo"
  packages = ["."]
  revision = "fbfb6a11ec671efbe94ad1c12c2e98773f19e1e6"

[[projects]]
  name = "github.com/vjeantet/grok"
  packages = ["."]
  revision = "ce01e59abcf6fbc9833b7deb5e4b8ee1769bcc53"
  version = "v1.0.0"

[[projects]]
  name = "golang.org/x/net"
  packages = [
    "context",
    "context/ctxhttp",
    "proxy"
  ]
  revision = "d866cfc389cec985d6fda2859936a575a55a3ab6"

[[projects]]
  branch = "master"
  name = "golang.org/x/sync"
  packages = ["errgroup"]
  revision = "1d60e4601c6fd243af51cc01ddf169918a5407ca"

[[projects]]
  name = "golang.org/x/sys"
  packages = [
    "unix",
    "windows"
  ]
  revision = "83801418e1b59fb1880e363299581ee543af32ca"

[[projects]]
  name = "golang.org/x/time"
  packages = ["rate"]
  revision = "a4bde12657593d5e90d0533a3e4fd95e635124cb"

[[projects]]
  name = "gopkg.in/olivere/elastic.v2"
  packages = [
    ".",
    "backoff",
    "uritemplates"
  ]
  revision = "cdc8c0afbe6aeeb1b4a99aacb1a8ce9d6f985203"
  version = "v2.0.60"

[[projects]]
  name = "gopkg.in/olivere/elastic.v3"
  packages = [
    ".",
    "backoff",
    "uritemplates"
  ]
  revision = "5a75b7d18bca7420e68338600e8c9f611435f911"
  version = "v3.0.69"

[[projects]]
  name = "gopkg.in/olivere/elastic.v5"
  packages = [
    ".",
    "config",
    "uritemplates"
  ]
  revision = "3f891f0d04aba0bba9a8bd365a9d3846efcb3527"
  version = "v5.0.52"

[solve-meta]
  analyzer-name = "dep"
  analyzer-version = 1
  inputs-digest = "c542816b3159a184c35301a08b354750eb63fbdc9911976ee0fe3e8687773beb"
  solver-name = "gps-cdcl"
  solver-version = 1
