# This file is autogenerated, do not edit; changes may be undone by the next 'dep ensure'.


[[projects]]
  branch = "master"
  name = "github.com/Azure/go-ansiterm"
  packages = [
    ".",
    "winterm"
  ]
  revision = "d6e3b3328b783f23731bc4d058875b0371ff8109"

[[projects]]
  name = "github.com/Microsoft/go-winio"
  packages = ["."]
  revision = "7da180ee92d8bd8bb8c37fc560e673e6557c392f"
  version = "v0.4.7"

[[projects]]
  branch = "master"
  name = "github.com/Nvveen/Gotty"
  packages = ["."]
  revision = "cd527374f1e5bff4938207604a14f2e38a9cf512"

[[projects]]
  name = "github.com/Sirupsen/logrus"
  packages = ["."]
  revision = "ba1b36c82c5e05c4f912a88eab0dcd91a171688f"
  version = "v0.11.5"

[[projects]]
  name = "github.com/coreos/go-systemd"
  packages = ["activation"]
  revision = "40e2722dffead74698ca12a750f64ef313ddce05"
  version = "v16"

[[projects]]
  name = "github.com/docker/docker"
  packages = [
    "api/types",
    "api/types/backend",
    "api/types/blkiodev",
    "api/types/container",
    "api/types/filters",
    "api/types/mount",
    "api/types/network",
    "api/types/plugins/logdriver",
    "api/types/registry",
    "api/types/strslice",
    "api/types/swarm",
    "api/types/versions",
    "daemon/logger",
    "pkg/jsonlog",
    "pkg/jsonmessage",
    "pkg/plugingetter",
    "pkg/plugins",
    "pkg/plugins/transport",
    "pkg/progress",
    "pkg/random",
    "pkg/streamformatter",
    "pkg/stringid",
    "pkg/term",
    "pkg/term/windows"
  ]
  revision = "90d35abf7b3535c1c319c872900fbd76374e521c"
  version = "v17.05.0-ce-rc3"

[[projects]]
  name = "github.com/docker/go-connections"
  packages = [
    "nat",
    "sockets",
    "tlsconfig"
  ]
  revision = "3ede32e2033de7505e6500d6c868c2b9ed9f169d"
  version = "v0.3.0"

[[projects]]
  branch = "master"
  name = "github.com/docker/go-plugins-helpers"
  packages = ["sdk"]
  revision = "61cb8e2334204460162c8bd2417cd43cb71da66f"

[[projects]]
  name = "github.com/docker/go-units"
  packages = ["."]
  revision = "47565b4f722fb6ceae66b95f853feed578a4a51c"
  version = "v0.3.3"

[[projects]]
  name = "github.com/gogo/protobuf"
  packages = [
    "io",
    "proto"
  ]
  revision = "1adfc126b41513cc696b209667c8656ea7aac67c"
  version = "v1.0.0"

[[projects]]
  branch = "master"
  name = "github.com/mailru/easyjson"
  packages = [
    ".",
    "buffer",
    "jlexer",
    "jwriter"
  ]
  revision = "8b799c424f57fa123fc63a99d6383bc6e4c02578"

[[projects]]
  name = "github.com/olivere/elastic"
  packages = [
    ".",
    "config",
    "uritemplates"
  ]
  revision = "d6362604399c7af560b54f048b4fcfbdd6eff293"
  version = "v6.1.14"

[[projects]]
  name = "github.com/pkg/errors"
  packages = ["."]
  revision = "645ef00459ed84a119197bfb8d8205042c6df63d"
  version = "v0.8.0"

[[projects]]
  name = "github.com/robfig/cron"
  packages = ["."]
  revision = "b024fc5ea0e34bc3f83d9941c8d60b0622bfaca4"
  version = "v1"

[[projects]]
  branch = "master"
  name = "github.com/tonistiigi/fifo"
  packages = ["."]
  revision = "3d5202aec260678c48179c56f40e6f38a095738c"

[[projects]]
  name = "github.com/vjeantet/grok"
  packages = ["."]
  revision = "ce01e59abcf6fbc9833b7deb5e4b8ee1769bcc53"
  version = "v1.0.0"

[[projects]]
  branch = "master"
  name = "golang.org/x/net"
  packages = [
    "context",
    "internal/socks",
    "proxy"
  ]
  revision = "5f9ae10d9af5b1c89ae6904293b14b064d4ada23"

[[projects]]
  branch = "master"
  name = "golang.org/x/sync"
  packages = ["errgroup"]
  revision = "1d60e4601c6fd243af51cc01ddf169918a5407ca"

[[projects]]
  branch = "master"
  name = "golang.org/x/sys"
  packages = [
    "unix",
    "windows"
  ]
  revision = "bb9c189858d91f42db229b04d45a4c3d23a7662a"

[[projects]]
  branch = "master"
  name = "golang.org/x/time"
  packages = ["rate"]
  revision = "fbb02b2291d28baffd63558aa44b4b56f178d650"

[[projects]]
  name = "gopkg.in/olivere/elastic.v2"
  packages = [
    ".",
    "backoff",
    "uritemplates"
  ]
  revision = "cdc8c0afbe6aeeb1b4a99aacb1a8ce9d6f985203"
  version = "v2.0.60"

[[projects]]
  name = "gopkg.in/olivere/elastic.v3"
  packages = [
    ".",
    "backoff",
    "uritemplates"
  ]
  revision = "defe35fda8067a90957799162db966f5ea54342e"
  version = "v3.0.73"

[[projects]]
  name = "gopkg.in/olivere/elastic.v5"
  packages = [
    ".",
    "config",
    "uritemplates"
  ]
  revision = "dbe820f35164384c998099db63481b583d53f73b"
  version = "v5.0.66"

[solve-meta]
  analyzer-name = "dep"
  analyzer-version = 1
  inputs-digest = "c542816b3159a184c35301a08b354750eb63fbdc9911976ee0fe3e8687773beb"
  solver-name = "gps-cdcl"
  solver-version = 1
